
Microsoft Visual Studio Solution File, Format Version 12.00
# Visual Studio Version 17
VisualStudioVersion = 17.5.33516.290
MinimumVisualStudioVersion = 10.0.40219.1
Project("{FAE04EC0-301F-11D3-BF4B-00C04F79EFBC}") = "MagicVilla_VillaAPI", "MagicVilla_VillaAPI\MagicVilla_VillaAPI.csproj", "{261A740F-ECA9-484B-917A-4B85F4161904}"
EndProject
Global
	GlobalSection(SolutionConfigurationPlatforms) = preSolution
		Debug|Any CPU = Debug|Any CPU
		Release|Any CPU = Release|Any CPU
	EndGlobalSection
	GlobalSection(ProjectConfigurationPlatforms) = postSolution
		{261A740F-ECA9-484B-917A-4B85F4161904}.Debug|Any CPU.ActiveCfg = Debug|Any CPU
		{261A740F-ECA9-484B-917A-4B85F4161904}.Debug|Any CPU.Build.0 = Debug|Any CPU
		{261A740F-ECA9-484B-917A-4B85F4161904}.Release|Any CPU.ActiveCfg = Release|Any CPU
		{261A740F-ECA9-484B-917A-4B85F4161904}.Release|Any CPU.Build.0 = Release|Any CPU
	EndGlobalSection
	GlobalSection(SolutionProperties) = preSolution
		HideSolutionNode = FALSE
	EndGlobalSection
	GlobalSection(ExtensibilityGlobals) = postSolution
		SolutionGuid = {7CE1DCF9-1B36-4A93-A74E-6A51E8B7ACAA}
	EndGlobalSection
EndGlobal
